
Microsoft Visual Studio Solution File, Format Version 12.00
# Visual Studio 2013
VisualStudioVersion = 12.0.31101.0
MinimumVisualStudioVersion = 10.0.40219.1
Project("{FAE04EC0-301F-11D3-BF4B-00C04F79EFBC}") = "Search", "Search\Search.csproj", "{733FB1DF-FE6B-422E-9440-531BD210AB33}"
EndProject
Project("{FAE04EC0-301F-11D3-BF4B-00C04F79EFBC}") = "Puzzle", "Puzzle\Puzzle.csproj", "{1A68141F-704D-4FDB-A1B2-3FD786E08C12}"
EndProject
Global
	GlobalSection(SolutionConfigurationPlatforms) = preSolution
		Debug|Any CPU = Debug|Any CPU
		Release|Any CPU = Release|Any CPU
	EndGlobalSection
	GlobalSection(ProjectConfigurationPlatforms) = postSolution
		{733FB1DF-FE6B-422E-9440-531BD210AB33}.Debug|Any CPU.ActiveCfg = Debug|Any CPU
		{733FB1DF-FE6B-422E-9440-531BD210AB33}.Debug|Any CPU.Build.0 = Debug|Any CPU
		{733FB1DF-FE6B-422E-9440-531BD210AB33}.Release|Any CPU.ActiveCfg = Release|Any CPU
		{733FB1DF-FE6B-422E-9440-531BD210AB33}.Release|Any CPU.Build.0 = Release|Any CPU
		{1A68141F-704D-4FDB-A1B2-3FD786E08C12}.Debug|Any CPU.ActiveCfg = Debug|Any CPU
		{1A68141F-704D-4FDB-A1B2-3FD786E08C12}.Debug|Any CPU.Build.0 = Debug|Any CPU
		{1A68141F-704D-4FDB-A1B2-3FD786E08C12}.Release|Any CPU.ActiveCfg = Release|Any CPU
		{1A68141F-704D-4FDB-A1B2-3FD786E08C12}.Release|Any CPU.Build.0 = Release|Any CPU
	EndGlobalSection
	GlobalSection(SolutionProperties) = preSolution
		HideSolutionNode = FALSE
	EndGlobalSection
EndGlobal
